
Microsoft Visual Studio Solution File, Format Version 12.00
# Visual Studio Version 17
VisualStudioVersion = 17.6.33723.286
MinimumVisualStudioVersion = 10.0.40219.1
Project("{FAE04EC0-301F-11D3-BF4B-00C04F79EFBC}") = "ClassLibrary1", "ClassLibrary1\ClassLibrary1.csproj", "{68A2617D-CF7F-4400-A1B3-7FD0D4D29A92}"
EndProject
Project("{FAE04EC0-301F-11D3-BF4B-00C04F79EFBC}") = "ClassLibrary1.Tests", "ClassLibrary1.Tests\ClassLibrary1.Tests.csproj", "{7A7B1188-98B2-472C-88D9-DB4F1BFC29CD}"
EndProject
Global
	GlobalSection(SolutionConfigurationPlatforms) = preSolution
		Debug|Any CPU = Debug|Any CPU
		Release|Any CPU = Release|Any CPU
	EndGlobalSection
	GlobalSection(ProjectConfigurationPlatforms) = postSolution
		{68A2617D-CF7F-4400-A1B3-7FD0D4D29A92}.Debug|Any CPU.ActiveCfg = Debug|Any CPU
		{68A2617D-CF7F-4400-A1B3-7FD0D4D29A92}.Debug|Any CPU.Build.0 = Debug|Any CPU
		{68A2617D-CF7F-4400-A1B3-7FD0D4D29A92}.Release|Any CPU.ActiveCfg = Release|Any CPU
		{68A2617D-CF7F-4400-A1B3-7FD0D4D29A92}.Release|Any CPU.Build.0 = Release|Any CPU
		{7A7B1188-98B2-472C-88D9-DB4F1BFC29CD}.Debug|Any CPU.ActiveCfg = Debug|Any CPU
		{7A7B1188-98B2-472C-88D9-DB4F1BFC29CD}.Debug|Any CPU.Build.0 = Debug|Any CPU
		{7A7B1188-98B2-472C-88D9-DB4F1BFC29CD}.Release|Any CPU.ActiveCfg = Release|Any CPU
		{7A7B1188-98B2-472C-88D9-DB4F1BFC29CD}.Release|Any CPU.Build.0 = Release|Any CPU
	EndGlobalSection
	GlobalSection(SolutionProperties) = preSolution
		HideSolutionNode = FALSE
	EndGlobalSection
	GlobalSection(ExtensibilityGlobals) = postSolution
		SolutionGuid = {E9C7C6E1-3A28-4EFC-B53C-AAD22ECD5D3E}
	EndGlobalSection
EndGlobal
